
Microsoft Visual Studio Solution File, Format Version 12.00
# Visual Studio Version 17
VisualStudioVersion = 17.3.32901.215
MinimumVisualStudioVersion = 10.0.40219.1
Project("{FAE04EC0-301F-11D3-BF4B-00C04F79EFBC}") = "OnlineStoreDatabaseImplement", "OnlineStoreDatabaseImplement\OnlineStoreDatabaseImplement.csproj", "{2A9461C2-E55E-4720-A07E-C75294492852}"
EndProject
Project("{FAE04EC0-301F-11D3-BF4B-00C04F79EFBC}") = "OnlineStoreView", "..\OnlineStoreView\OnlineStoreView.csproj", "{9C54D5E0-8932-42C1-92E1-F890E6F4D4AB}"
EndProject
Project("{FAE04EC0-301F-11D3-BF4B-00C04F79EFBC}") = "Tools", "Tools\Tools.csproj", "{54635791-5415-4F55-89A9-700C830FACD6}"
EndProject
Project("{FAE04EC0-301F-11D3-BF4B-00C04F79EFBC}") = "PluginsForLab4", "PluginsForLab4\PluginsForLab4.csproj", "{39E5FF4E-5CD5-49AA-B557-37B4323ECD12}"
EndProject
Global
	GlobalSection(SolutionConfigurationPlatforms) = preSolution
		Debug|Any CPU = Debug|Any CPU
		Release|Any CPU = Release|Any CPU
	EndGlobalSection
	GlobalSection(ProjectConfigurationPlatforms) = postSolution
		{2A9461C2-E55E-4720-A07E-C75294492852}.Debug|Any CPU.ActiveCfg = Debug|Any CPU
		{2A9461C2-E55E-4720-A07E-C75294492852}.Debug|Any CPU.Build.0 = Debug|Any CPU
		{2A9461C2-E55E-4720-A07E-C75294492852}.Release|Any CPU.ActiveCfg = Release|Any CPU
		{2A9461C2-E55E-4720-A07E-C75294492852}.Release|Any CPU.Build.0 = Release|Any CPU
		{9C54D5E0-8932-42C1-92E1-F890E6F4D4AB}.Debug|Any CPU.ActiveCfg = Debug|Any CPU
		{9C54D5E0-8932-42C1-92E1-F890E6F4D4AB}.Debug|Any CPU.Build.0 = Debug|Any CPU
		{9C54D5E0-8932-42C1-92E1-F890E6F4D4AB}.Release|Any CPU.ActiveCfg = Release|Any CPU
		{9C54D5E0-8932-42C1-92E1-F890E6F4D4AB}.Release|Any CPU.Build.0 = Release|Any CPU
		{54635791-5415-4F55-89A9-700C830FACD6}.Debug|Any CPU.ActiveCfg = Debug|Any CPU
		{54635791-5415-4F55-89A9-700C830FACD6}.Debug|Any CPU.Build.0 = Debug|Any CPU
		{54635791-5415-4F55-89A9-700C830FACD6}.Release|Any CPU.ActiveCfg = Release|Any CPU
		{54635791-5415-4F55-89A9-700C830FACD6}.Release|Any CPU.Build.0 = Release|Any CPU
		{39E5FF4E-5CD5-49AA-B557-37B4323ECD12}.Debug|Any CPU.ActiveCfg = Debug|Any CPU
		{39E5FF4E-5CD5-49AA-B557-37B4323ECD12}.Debug|Any CPU.Build.0 = Debug|Any CPU
		{39E5FF4E-5CD5-49AA-B557-37B4323ECD12}.Release|Any CPU.ActiveCfg = Release|Any CPU
		{39E5FF4E-5CD5-49AA-B557-37B4323ECD12}.Release|Any CPU.Build.0 = Release|Any CPU
	EndGlobalSection
	GlobalSection(SolutionProperties) = preSolution
		HideSolutionNode = FALSE
	EndGlobalSection
	GlobalSection(ExtensibilityGlobals) = postSolution
		SolutionGuid = {2D8B2E3D-2A61-40A8-81EA-33F935D1C969}
	EndGlobalSection
EndGlobal
